
Microsoft Visual Studio Solution File, Format Version 12.00
# Visual Studio Version 17
VisualStudioVersion = 17.7.34202.233
MinimumVisualStudioVersion = 10.0.40219.1
Project("{FAE04EC0-301F-11D3-BF4B-00C04F79EFBC}") = "capa-app", "capa-app.csproj", "{94234E78-5B50-41C3-A115-E34882E85371}"
EndProject
Global
	GlobalSection(SolutionConfigurationPlatforms) = preSolution
		Debug|Any CPU = Debug|Any CPU
		Release|Any CPU = Release|Any CPU
	EndGlobalSection
	GlobalSection(ProjectConfigurationPlatforms) = postSolution
		{94234E78-5B50-41C3-A115-E34882E85371}.Debug|Any CPU.ActiveCfg = Debug|Any CPU
		{94234E78-5B50-41C3-A115-E34882E85371}.Debug|Any CPU.Build.0 = Debug|Any CPU
		{94234E78-5B50-41C3-A115-E34882E85371}.Release|Any CPU.ActiveCfg = Release|Any CPU
		{94234E78-5B50-41C3-A115-E34882E85371}.Release|Any CPU.Build.0 = Release|Any CPU
	EndGlobalSection
	GlobalSection(SolutionProperties) = preSolution
		HideSolutionNode = FALSE
	EndGlobalSection
	GlobalSection(ExtensibilityGlobals) = postSolution
		SolutionGuid = {76CB817A-862C-4419-8A6C-CFF5C0B6E319}
	EndGlobalSection
EndGlobal
